
Microsoft Visual Studio Solution File, Format Version 12.00
# Visual Studio Version 17
VisualStudioVersion = 17.9.34723.18
MinimumVisualStudioVersion = 10.0.40219.1
Project("{FAE04EC0-301F-11D3-BF4B-00C04F79EFBC}") = "HN_GenerateProductDescriptionByName.Server", "HN_GenerateProductDescriptionByName.Server\HN_GenerateProductDescriptionByName.Server.csproj", "{F4AECA42-7FCC-4DEA-9749-AC84DC86E55B}"
EndProject
Project("{54A90642-561A-4BB1-A94E-469ADEE60C69}") = "hn_generateproductdescriptionbyname.client", "hn_generateproductdescriptionbyname.client\hn_generateproductdescriptionbyname.client.esproj", "{A6EEFA72-65C6-43BB-B116-7184B4EA8A99}"
EndProject
Global
	GlobalSection(SolutionConfigurationPlatforms) = preSolution
		Debug|Any CPU = Debug|Any CPU
		Release|Any CPU = Release|Any CPU
	EndGlobalSection
	GlobalSection(ProjectConfigurationPlatforms) = postSolution
		{F4AECA42-7FCC-4DEA-9749-AC84DC86E55B}.Debug|Any CPU.ActiveCfg = Debug|Any CPU
		{F4AECA42-7FCC-4DEA-9749-AC84DC86E55B}.Debug|Any CPU.Build.0 = Debug|Any CPU
		{F4AECA42-7FCC-4DEA-9749-AC84DC86E55B}.Release|Any CPU.ActiveCfg = Release|Any CPU
		{F4AECA42-7FCC-4DEA-9749-AC84DC86E55B}.Release|Any CPU.Build.0 = Release|Any CPU
		{A6EEFA72-65C6-43BB-B116-7184B4EA8A99}.Debug|Any CPU.ActiveCfg = Debug|Any CPU
		{A6EEFA72-65C6-43BB-B116-7184B4EA8A99}.Debug|Any CPU.Build.0 = Debug|Any CPU
		{A6EEFA72-65C6-43BB-B116-7184B4EA8A99}.Debug|Any CPU.Deploy.0 = Debug|Any CPU
		{A6EEFA72-65C6-43BB-B116-7184B4EA8A99}.Release|Any CPU.ActiveCfg = Release|Any CPU
		{A6EEFA72-65C6-43BB-B116-7184B4EA8A99}.Release|Any CPU.Build.0 = Release|Any CPU
		{A6EEFA72-65C6-43BB-B116-7184B4EA8A99}.Release|Any CPU.Deploy.0 = Release|Any CPU
	EndGlobalSection
	GlobalSection(SolutionProperties) = preSolution
		HideSolutionNode = FALSE
	EndGlobalSection
	GlobalSection(ExtensibilityGlobals) = postSolution
		SolutionGuid = {7EBC36E1-D822-47EA-8ACF-84BF5021DA42}
	EndGlobalSection
EndGlobal
